{
  "name": "mongo-docker",
  "version": "1.0.0",
  "lockfileVersion": 1,
  "requires": true,
  "dependencies": {
    "check-more-types": {
      "version": "1.7.2",
      "resolved": "https://registry.npmjs.org/check-more-types/-/check-more-types-1.7.2.tgz",
      "integrity": "sha1-LPA+c7ciD+MthaVhpVpEON19HHc=",
      "requires": {
        "check-types": "1.4.0"
      }
    },
    "check-types": {
      "version": "1.4.0",
      "resolved": "https://registry.npmjs.org/check-types/-/check-types-1.4.0.tgz",
      "integrity": "sha1-7tY7usnqSaDiagljFAWLA7CN1is="
    },
    "lazy-ass": {
      "version": "0.5.8",
      "resolved": "https://registry.npmjs.org/lazy-ass/-/lazy-ass-0.5.8.tgz",
      "integrity": "sha1-Pug0t/ytAlLjBesaFyNzMourzU8="
    },
    "quote": {
      "version": "0.4.0",
      "resolved": "https://registry.npmjs.org/quote/-/quote-0.4.0.tgz",
      "integrity": "sha1-EIOSF/bBNiuJGUBE0psjP9fzLwE="
    },
    "with-package": {
      "version": "0.2.0",
      "resolved": "https://registry.npmjs.org/with-package/-/with-package-0.2.0.tgz",
      "integrity": "sha1-PIXQCC5JSRnjQziexi7S8B8RoDE=",
      "requires": {
        "check-more-types": "1.7.2",
        "lazy-ass": "0.5.8",
        "quote": "0.4.0"
      }
    }
  }
}
